
Microsoft Visual Studio Solution File, Format Version 12.00
# Visual Studio 15
VisualStudioVersion = 15.0.26124.0
MinimumVisualStudioVersion = 15.0.26124.0
Project("{FAE04EC0-301F-11D3-BF4B-00C04F79EFBC}") = "event-manager-server", "event-manager-server\event-manager-server.csproj", "{A65004B6-1535-4A34-90DE-84398E0B0F70}"
EndProject
Project("{FAE04EC0-301F-11D3-BF4B-00C04F79EFBC}") = "event-manager-wasm", "event-manager-wasm\event-manager-wasm.csproj", "{8C15A5F2-FBC5-4316-B572-EE0C321C3742}"
EndProject
Project("{FAE04EC0-301F-11D3-BF4B-00C04F79EFBC}") = "event-manager-data", "event-manager-data\event-manager-data.csproj", "{D4B4B560-0115-479A-8C9F-18D87DC481FE}"
EndProject
Global
	GlobalSection(SolutionConfigurationPlatforms) = preSolution
		Debug|Any CPU = Debug|Any CPU
		Debug|x64 = Debug|x64
		Debug|x86 = Debug|x86
		Release|Any CPU = Release|Any CPU
		Release|x64 = Release|x64
		Release|x86 = Release|x86
	EndGlobalSection
	GlobalSection(SolutionProperties) = preSolution
		HideSolutionNode = FALSE
	EndGlobalSection
	GlobalSection(ProjectConfigurationPlatforms) = postSolution
		{A65004B6-1535-4A34-90DE-84398E0B0F70}.Debug|Any CPU.ActiveCfg = Debug|Any CPU
		{A65004B6-1535-4A34-90DE-84398E0B0F70}.Debug|Any CPU.Build.0 = Debug|Any CPU
		{A65004B6-1535-4A34-90DE-84398E0B0F70}.Debug|x64.ActiveCfg = Debug|Any CPU
		{A65004B6-1535-4A34-90DE-84398E0B0F70}.Debug|x64.Build.0 = Debug|Any CPU
		{A65004B6-1535-4A34-90DE-84398E0B0F70}.Debug|x86.ActiveCfg = Debug|Any CPU
		{A65004B6-1535-4A34-90DE-84398E0B0F70}.Debug|x86.Build.0 = Debug|Any CPU
		{A65004B6-1535-4A34-90DE-84398E0B0F70}.Release|Any CPU.ActiveCfg = Release|Any CPU
		{A65004B6-1535-4A34-90DE-84398E0B0F70}.Release|Any CPU.Build.0 = Release|Any CPU
		{A65004B6-1535-4A34-90DE-84398E0B0F70}.Release|x64.ActiveCfg = Release|Any CPU
		{A65004B6-1535-4A34-90DE-84398E0B0F70}.Release|x64.Build.0 = Release|Any CPU
		{A65004B6-1535-4A34-90DE-84398E0B0F70}.Release|x86.ActiveCfg = Release|Any CPU
		{A65004B6-1535-4A34-90DE-84398E0B0F70}.Release|x86.Build.0 = Release|Any CPU
		{8C15A5F2-FBC5-4316-B572-EE0C321C3742}.Debug|Any CPU.ActiveCfg = Debug|Any CPU
		{8C15A5F2-FBC5-4316-B572-EE0C321C3742}.Debug|Any CPU.Build.0 = Debug|Any CPU
		{8C15A5F2-FBC5-4316-B572-EE0C321C3742}.Debug|x64.ActiveCfg = Debug|Any CPU
		{8C15A5F2-FBC5-4316-B572-EE0C321C3742}.Debug|x64.Build.0 = Debug|Any CPU
		{8C15A5F2-FBC5-4316-B572-EE0C321C3742}.Debug|x86.ActiveCfg = Debug|Any CPU
		{8C15A5F2-FBC5-4316-B572-EE0C321C3742}.Debug|x86.Build.0 = Debug|Any CPU
		{8C15A5F2-FBC5-4316-B572-EE0C321C3742}.Release|Any CPU.ActiveCfg = Release|Any CPU
		{8C15A5F2-FBC5-4316-B572-EE0C321C3742}.Release|Any CPU.Build.0 = Release|Any CPU
		{8C15A5F2-FBC5-4316-B572-EE0C321C3742}.Release|x64.ActiveCfg = Release|Any CPU
		{8C15A5F2-FBC5-4316-B572-EE0C321C3742}.Release|x64.Build.0 = Release|Any CPU
		{8C15A5F2-FBC5-4316-B572-EE0C321C3742}.Release|x86.ActiveCfg = Release|Any CPU
		{8C15A5F2-FBC5-4316-B572-EE0C321C3742}.Release|x86.Build.0 = Release|Any CPU
		{D4B4B560-0115-479A-8C9F-18D87DC481FE}.Debug|Any CPU.ActiveCfg = Debug|Any CPU
		{D4B4B560-0115-479A-8C9F-18D87DC481FE}.Debug|Any CPU.Build.0 = Debug|Any CPU
		{D4B4B560-0115-479A-8C9F-18D87DC481FE}.Debug|x64.ActiveCfg = Debug|Any CPU
		{D4B4B560-0115-479A-8C9F-18D87DC481FE}.Debug|x64.Build.0 = Debug|Any CPU
		{D4B4B560-0115-479A-8C9F-18D87DC481FE}.Debug|x86.ActiveCfg = Debug|Any CPU
		{D4B4B560-0115-479A-8C9F-18D87DC481FE}.Debug|x86.Build.0 = Debug|Any CPU
		{D4B4B560-0115-479A-8C9F-18D87DC481FE}.Release|Any CPU.ActiveCfg = Release|Any CPU
		{D4B4B560-0115-479A-8C9F-18D87DC481FE}.Release|Any CPU.Build.0 = Release|Any CPU
		{D4B4B560-0115-479A-8C9F-18D87DC481FE}.Release|x64.ActiveCfg = Release|Any CPU
		{D4B4B560-0115-479A-8C9F-18D87DC481FE}.Release|x64.Build.0 = Release|Any CPU
		{D4B4B560-0115-479A-8C9F-18D87DC481FE}.Release|x86.ActiveCfg = Release|Any CPU
		{D4B4B560-0115-479A-8C9F-18D87DC481FE}.Release|x86.Build.0 = Release|Any CPU
	EndGlobalSection
EndGlobal
